<?xml version="1.0" encoding="utf-8"?>
<Project ToolsVersion="4.0" xmlns="http://schemas.microsoft.com/developer/msbuild/2003">
  <ItemGroup>
    <Filter Include="Source Files">
      <UniqueIdentifier>{4FC737F1-C7A5-4376-A066-2A32D752A2FF}</UniqueIdentifier>
      <Extensions>cpp;c;cc;cxx;def;odl;idl;hpj;bat;asm;asmx</Extensions>
    </Filter>
    <Filter Include="Header Files">
      <UniqueIdentifier>{93995380-89BD-4b04-88EB-625FBE52EBFB}</UniqueIdentifier>
      <Extensions>h;hh;hpp;hxx;hm;inl;inc;xsd</Extensions>
    </Filter>
    <Filter Include="Resource Files">
      <UniqueIdentifier>{67DA6AB6-F800-4c08-8B7A-83BB121AAD01}</UniqueIdentifier>
      <Extensions>rc;ico;cur;bmp;dlg;rc2;rct;bin;rgs;gif;jpg;jpeg;jpe;resx;tiff;tif;png;wav;mfcribbon-ms</Extensions>
    </Filter>
    <Filter Include="Source Files\StateMachine">
      <UniqueIdentifier>{9afe3264-e4a0-4306-b004-be136cbe05d3}</UniqueIdentifier>
    </Filter>
    <Filter Include="Source Files\States">
      <UniqueIdentifier>{22704c7f-4a0e-4f05-a645-3aad0383c5ef}</UniqueIdentifier>
    </Filter>
    <Filter Include="Header Files\StateMachine">
      <UniqueIdentifier>{005130b8-db13-49cb-8669-aa281a4f322e}</UniqueIdentifier>
    </Filter>
    <Filter Include="Header Files\States">
      <UniqueIdentifier>{0b04a51c-0ba5-4c7e-8dba-36adbe6548de}</UniqueIdentifier>
    </Filter>
    <Filter Include="Source Files\Tools">
      <UniqueIdentifier>{640a8423-47ca-4741-9742-d819fdd79657}</UniqueIdentifier>
    </Filter>
    <Filter Include="Header Files\Tools">
      <UniqueIdentifier>{a32ec536-e708-4157-ada3-83ae7c694073}</UniqueIdentifier>
    </Filter>
    <Filter Include="Header Files\ResourcesManager">
      <UniqueIdentifier>{c8f9ee86-9b40-4324-869d-0ac42b2dc64d}</UniqueIdentifier>
    </Filter>
    <Filter Include="Header Files\ResourcesManager\SubManagers">
      <UniqueIdentifier>{f0343482-7259-470b-8d55-053766cb464c}</UniqueIdentifier>
    </Filter>
    <Filter Include="Source Files\ResourcesManager">
      <UniqueIdentifier>{e0eb1203-d5af-4829-a0c1-419c2105eacf}</UniqueIdentifier>
    </Filter>
    <Filter Include="Source Files\ResourcesManager\SubManagers">
      <UniqueIdentifier>{d9997806-093a-492f-9b25-0535ec87048f}</UniqueIdentifier>
    </Filter>
    <Filter Include="Header Files\Entity">
      <UniqueIdentifier>{cd6d3fd5-5437-4374-b985-ae489dbae60c}</UniqueIdentifier>
    </Filter>
    <Filter Include="Source Files\Entity">
      <UniqueIdentifier>{01f667db-ad4c-499b-8cc0-da2869797b48}</UniqueIdentifier>
    </Filter>
    <Filter Include="Source Files\Entity\EntityBase">
      <UniqueIdentifier>{8865b0a3-4633-48d8-ad7a-46833c8967b8}</UniqueIdentifier>
    </Filter>
    <Filter Include="Source Files\Entity\EntityBase\AnimEngine">
      <UniqueIdentifier>{7df98332-fd0e-4c58-ad17-483b03d7aeea}</UniqueIdentifier>
    </Filter>
    <Filter Include="Header Files\Entity\EntityBase">
      <UniqueIdentifier>{c4e768b1-61e4-4d49-8f40-05af314b48be}</UniqueIdentifier>
    </Filter>
    <Filter Include="Header Files\Entity\EntityBase\AnimEngine">
      <UniqueIdentifier>{9c8ba2a8-359e-410c-a3d2-f8f83c1335d8}</UniqueIdentifier>
    </Filter>
    <Filter Include="Header Files\Entity\EntityBase\AnimEngine\Transforms">
      <UniqueIdentifier>{25a3935e-51a7-43df-9f98-fad75ee5d463}</UniqueIdentifier>
    </Filter>
    <Filter Include="Source Files\Entity\EntityBase\AnimEngine\Transforms">
      <UniqueIdentifier>{28251ab0-332b-42bf-8fca-575198f56575}</UniqueIdentifier>
    </Filter>
  </ItemGroup>
  <ItemGroup>
    <ClCompile Include="main.cpp">
      <Filter>Source Files</Filter>
    </ClCompile>
    <ClCompile Include="Game.cpp">
      <Filter>Source Files</Filter>
    </ClCompile>
    <ClCompile Include="State.cpp">
      <Filter>Source Files\States</Filter>
    </ClCompile>
    <ClCompile Include="StateMachine.cpp">
      <Filter>Source Files\StateMachine</Filter>
    </ClCompile>
    <ClCompile Include="IntroState.cpp">
      <Filter>Source Files\States</Filter>
    </ClCompile>
    <ClCompile Include="Console.cpp">
      <Filter>Source Files\Tools</Filter>
    </ClCompile>
    <ClCompile Include="ResourceManager.cpp">
      <Filter>Source Files\ResourcesManager</Filter>
    </ClCompile>
    <ClCompile Include="FontResManager.cpp">
      <Filter>Source Files\ResourcesManager\SubManagers</Filter>
    </ClCompile>
    <ClCompile Include="TextureResManager.cpp">
      <Filter>Source Files\ResourcesManager\SubManagers</Filter>
    </ClCompile>
    <ClCompile Include="AnimationEngine.cpp">
      <Filter>Source Files\Entity\EntityBase\AnimEngine</Filter>
    </ClCompile>
    <ClCompile Include="Unit.cpp">
      <Filter>Source Files\Entity\EntityBase</Filter>
    </ClCompile>
    <ClCompile Include="Updatable.cpp">
      <Filter>Source Files\Entity\EntityBase</Filter>
    </ClCompile>
    <ClCompile Include="Transform.cpp">
      <Filter>Source Files\Entity\EntityBase\AnimEngine</Filter>
    </ClCompile>
    <ClCompile Include="transFade.cpp">
      <Filter>Source Files\Entity\EntityBase\AnimEngine\Transforms</Filter>
    </ClCompile>
    <ClCompile Include="transMove.cpp">
      <Filter>Source Files\Entity\EntityBase\AnimEngine\Transforms</Filter>
    </ClCompile>
    <ClCompile Include="Cinamon.cpp">
      <Filter>Source Files\Entity</Filter>
    </ClCompile>
    <ClCompile Include="transRotate.cpp">
      <Filter>Source Files\Entity\EntityBase\AnimEngine\Transforms</Filter>
    </ClCompile>
    <ClCompile Include="transGoto.cpp">
      <Filter>Source Files\Entity\EntityBase\AnimEngine\Transforms</Filter>
    </ClCompile>
    <ClCompile Include="transLabel.cpp">
      <Filter>Source Files\Entity\EntityBase\AnimEngine\Transforms</Filter>
    </ClCompile>
    <ClCompile Include="UpdatableUnit.cpp">
      <Filter>Source Files\Entity\EntityBase</Filter>
    </ClCompile>
    <ClCompile Include="Animation.cpp">
      <Filter>Source Files\Entity\EntityBase</Filter>
    </ClCompile>
    <ClCompile Include="transWait.cpp">
      <Filter>Source Files\Entity\EntityBase\AnimEngine\Transforms</Filter>
    </ClCompile>
    <ClCompile Include="Drawable.cpp">
      <Filter>Source Files\Entity\EntityBase</Filter>
    </ClCompile>
  </ItemGroup>
  <ItemGroup>
    <ClInclude Include="Game.h">
      <Filter>Header Files</Filter>
    </ClInclude>
    <ClInclude Include="State.h">
      <Filter>Header Files\States</Filter>
    </ClInclude>
    <ClInclude Include="StateMachine.h">
      <Filter>Header Files\StateMachine</Filter>
    </ClInclude>
    <ClInclude Include="IntroState.h">
      <Filter>Header Files\States</Filter>
    </ClInclude>
    <ClInclude Include="Console.h">
      <Filter>Header Files\Tools</Filter>
    </ClInclude>
    <ClInclude Include="ResourceManager.h">
      <Filter>Header Files\ResourcesManager</Filter>
    </ClInclude>
    <ClInclude Include="TextureResManager.h">
      <Filter>Header Files\ResourcesManager\SubManagers</Filter>
    </ClInclude>
    <ClInclude Include="FontResManager.h">
      <Filter>Header Files\ResourcesManager\SubManagers</Filter>
    </ClInclude>
    <ClInclude Include="AnimationEngine.h">
      <Filter>Header Files\Entity\EntityBase\AnimEngine</Filter>
    </ClInclude>
    <ClInclude Include="Unit.h">
      <Filter>Header Files\Entity\EntityBase</Filter>
    </ClInclude>
    <ClInclude Include="Updatable.h">
      <Filter>Header Files\Entity\EntityBase</Filter>
    </ClInclude>
    <ClInclude Include="Transform.h">
      <Filter>Header Files\Entity\EntityBase\AnimEngine</Filter>
    </ClInclude>
    <ClInclude Include="transFade.h">
      <Filter>Header Files\Entity\EntityBase\AnimEngine\Transforms</Filter>
    </ClInclude>
    <ClInclude Include="Transforms.h">
      <Filter>Header Files\Entity\EntityBase\AnimEngine\Transforms</Filter>
    </ClInclude>
    <ClInclude Include="transMove.h">
      <Filter>Header Files\Entity\EntityBase\AnimEngine\Transforms</Filter>
    </ClInclude>
    <ClInclude Include="Cinamon.h">
      <Filter>Header Files\Entity</Filter>
    </ClInclude>
    <ClInclude Include="transRotate.h">
      <Filter>Header Files\Entity\EntityBase\AnimEngine\Transforms</Filter>
    </ClInclude>
    <ClInclude Include="transGoto.h">
      <Filter>Header Files\Entity\EntityBase\AnimEngine\Transforms</Filter>
    </ClInclude>
    <ClInclude Include="transLabel.h">
      <Filter>Header Files\Entity\EntityBase\AnimEngine\Transforms</Filter>
    </ClInclude>
    <ClInclude Include="UpdatableUnit.h">
      <Filter>Header Files\Entity\EntityBase</Filter>
    </ClInclude>
    <ClInclude Include="Animation.h">
      <Filter>Header Files\Entity\EntityBase</Filter>
    </ClInclude>
    <ClInclude Include="transWait.h">
      <Filter>Header Files\Entity\EntityBase\AnimEngine\Transforms</Filter>
    </ClInclude>
    <ClInclude Include="Drawable.h">
      <Filter>Header Files\Entity\EntityBase</Filter>
    </ClInclude>
  </ItemGroup>
</Project>