<?xml version="1.0" encoding="utf-8"?>
<Project ToolsVersion="4.0" xmlns="http://schemas.microsoft.com/developer/msbuild/2003">
  <ItemGroup>
    <Filter Include="Source Files">
      <UniqueIdentifier>{4FC737F1-C7A5-4376-A066-2A32D752A2FF}</UniqueIdentifier>
      <Extensions>cpp;c;cc;cxx;def;odl;idl;hpj;bat;asm;asmx</Extensions>
    </Filter>
    <Filter Include="Header Files">
      <UniqueIdentifier>{93995380-89BD-4b04-88EB-625FBE52EBFB}</UniqueIdentifier>
      <Extensions>h;hh;hpp;hxx;hm;inl;inc;xsd</Extensions>
    </Filter>
    <Filter Include="Resource Files">
      <UniqueIdentifier>{67DA6AB6-F800-4c08-8B7A-83BB121AAD01}</UniqueIdentifier>
      <Extensions>rc;ico;cur;bmp;dlg;rc2;rct;bin;rgs;gif;jpg;jpeg;jpe;resx;tiff;tif;png;wav;mfcribbon-ms</Extensions>
    </Filter>
    <Filter Include="Source Files\Tools">
      <UniqueIdentifier>{640a8423-47ca-4741-9742-d819fdd79657}</UniqueIdentifier>
    </Filter>
    <Filter Include="Header Files\Tools">
      <UniqueIdentifier>{a32ec536-e708-4157-ada3-83ae7c694073}</UniqueIdentifier>
    </Filter>
    <Filter Include="Header Files\ResourcesManager">
      <UniqueIdentifier>{c8f9ee86-9b40-4324-869d-0ac42b2dc64d}</UniqueIdentifier>
    </Filter>
    <Filter Include="Header Files\ResourcesManager\SubManagers">
      <UniqueIdentifier>{f0343482-7259-470b-8d55-053766cb464c}</UniqueIdentifier>
    </Filter>
    <Filter Include="Source Files\ResourcesManager">
      <UniqueIdentifier>{e0eb1203-d5af-4829-a0c1-419c2105eacf}</UniqueIdentifier>
    </Filter>
    <Filter Include="Source Files\ResourcesManager\SubManagers">
      <UniqueIdentifier>{d9997806-093a-492f-9b25-0535ec87048f}</UniqueIdentifier>
    </Filter>
    <Filter Include="Header Files\Entity">
      <UniqueIdentifier>{cd6d3fd5-5437-4374-b985-ae489dbae60c}</UniqueIdentifier>
    </Filter>
    <Filter Include="Source Files\Entity">
      <UniqueIdentifier>{01f667db-ad4c-499b-8cc0-da2869797b48}</UniqueIdentifier>
    </Filter>
    <Filter Include="Source Files\Entity\EntityBase">
      <UniqueIdentifier>{8865b0a3-4633-48d8-ad7a-46833c8967b8}</UniqueIdentifier>
    </Filter>
    <Filter Include="Source Files\Entity\EntityBase\AnimEngine">
      <UniqueIdentifier>{7df98332-fd0e-4c58-ad17-483b03d7aeea}</UniqueIdentifier>
    </Filter>
    <Filter Include="Header Files\Entity\EntityBase">
      <UniqueIdentifier>{c4e768b1-61e4-4d49-8f40-05af314b48be}</UniqueIdentifier>
    </Filter>
    <Filter Include="Header Files\Entity\EntityBase\AnimEngine">
      <UniqueIdentifier>{9c8ba2a8-359e-410c-a3d2-f8f83c1335d8}</UniqueIdentifier>
    </Filter>
    <Filter Include="Header Files\Entity\EntityBase\AnimEngine\Transforms">
      <UniqueIdentifier>{25a3935e-51a7-43df-9f98-fad75ee5d463}</UniqueIdentifier>
    </Filter>
    <Filter Include="Source Files\Entity\EntityBase\AnimEngine\Transforms">
      <UniqueIdentifier>{28251ab0-332b-42bf-8fca-575198f56575}</UniqueIdentifier>
    </Filter>
    <Filter Include="Source Files\Menu">
      <UniqueIdentifier>{4c14a9c2-5747-40bc-a4ea-f9d4b430a5f4}</UniqueIdentifier>
    </Filter>
    <Filter Include="Header Files\Menu">
      <UniqueIdentifier>{5d93290f-3719-4431-8430-c766c1577583}</UniqueIdentifier>
    </Filter>
    <Filter Include="Source Files\StatesMachine">
      <UniqueIdentifier>{22704c7f-4a0e-4f05-a645-3aad0383c5ef}</UniqueIdentifier>
    </Filter>
    <Filter Include="Header Files\StatesMachine">
      <UniqueIdentifier>{0b04a51c-0ba5-4c7e-8dba-36adbe6548de}</UniqueIdentifier>
    </Filter>
    <Filter Include="Header Files\StatesMachine\States">
      <UniqueIdentifier>{3d5a076c-630b-41bf-a237-ce28836baa54}</UniqueIdentifier>
    </Filter>
    <Filter Include="Source Files\StatesMachine\States">
      <UniqueIdentifier>{8fee90b8-1762-478d-b291-0c5679658f37}</UniqueIdentifier>
    </Filter>
    <Filter Include="Header Files\Menu\Base">
      <UniqueIdentifier>{28809805-7210-44da-8e24-2432b123284e}</UniqueIdentifier>
    </Filter>
    <Filter Include="Source Files\Menu\Base">
      <UniqueIdentifier>{4bfada2c-72f3-41cd-af35-38b4943b788f}</UniqueIdentifier>
    </Filter>
  </ItemGroup>
  <ItemGroup>
    <ClCompile Include="main.cpp">
      <Filter>Source Files</Filter>
    </ClCompile>
    <ClCompile Include="Game.cpp">
      <Filter>Source Files</Filter>
    </ClCompile>
    <ClCompile Include="State.cpp">
      <Filter>Source Files\StatesMachine</Filter>
    </ClCompile>
    <ClCompile Include="Console.cpp">
      <Filter>Source Files\Tools</Filter>
    </ClCompile>
    <ClCompile Include="ResourceManager.cpp">
      <Filter>Source Files\ResourcesManager</Filter>
    </ClCompile>
    <ClCompile Include="FontResManager.cpp">
      <Filter>Source Files\ResourcesManager\SubManagers</Filter>
    </ClCompile>
    <ClCompile Include="TextureResManager.cpp">
      <Filter>Source Files\ResourcesManager\SubManagers</Filter>
    </ClCompile>
    <ClCompile Include="AnimationEngine.cpp">
      <Filter>Source Files\Entity\EntityBase\AnimEngine</Filter>
    </ClCompile>
    <ClCompile Include="Unit.cpp">
      <Filter>Source Files\Entity\EntityBase</Filter>
    </ClCompile>
    <ClCompile Include="Updatable.cpp">
      <Filter>Source Files\Entity\EntityBase</Filter>
    </ClCompile>
    <ClCompile Include="Transform.cpp">
      <Filter>Source Files\Entity\EntityBase\AnimEngine</Filter>
    </ClCompile>
    <ClCompile Include="transFade.cpp">
      <Filter>Source Files\Entity\EntityBase\AnimEngine\Transforms</Filter>
    </ClCompile>
    <ClCompile Include="transMove.cpp">
      <Filter>Source Files\Entity\EntityBase\AnimEngine\Transforms</Filter>
    </ClCompile>
    <ClCompile Include="Cinamon.cpp">
      <Filter>Source Files\Entity</Filter>
    </ClCompile>
    <ClCompile Include="transRotate.cpp">
      <Filter>Source Files\Entity\EntityBase\AnimEngine\Transforms</Filter>
    </ClCompile>
    <ClCompile Include="transGoto.cpp">
      <Filter>Source Files\Entity\EntityBase\AnimEngine\Transforms</Filter>
    </ClCompile>
    <ClCompile Include="transLabel.cpp">
      <Filter>Source Files\Entity\EntityBase\AnimEngine\Transforms</Filter>
    </ClCompile>
    <ClCompile Include="UpdatableUnit.cpp">
      <Filter>Source Files\Entity\EntityBase</Filter>
    </ClCompile>
    <ClCompile Include="Animation.cpp">
      <Filter>Source Files\Entity\EntityBase</Filter>
    </ClCompile>
    <ClCompile Include="transWait.cpp">
      <Filter>Source Files\Entity\EntityBase\AnimEngine\Transforms</Filter>
    </ClCompile>
    <ClCompile Include="Drawable.cpp">
      <Filter>Source Files\Entity\EntityBase</Filter>
    </ClCompile>
    <ClCompile Include="AnimationFactory.cpp">
      <Filter>Source Files\Entity\EntityBase\AnimEngine</Filter>
    </ClCompile>
    <ClCompile Include="SimpleAnimation.cpp">
      <Filter>Source Files\Entity\EntityBase</Filter>
    </ClCompile>
    <ClCompile Include="transScale.cpp">
      <Filter>Source Files\Entity\EntityBase\AnimEngine\Transforms</Filter>
    </ClCompile>
    <ClCompile Include="Eventable.cpp">
      <Filter>Source Files\Entity\EntityBase</Filter>
    </ClCompile>
    <ClCompile Include="StateMachine.cpp">
      <Filter>Source Files\StatesMachine</Filter>
    </ClCompile>
    <ClCompile Include="IntroState.cpp">
      <Filter>Source Files\StatesMachine\States</Filter>
    </ClCompile>
    <ClCompile Include="MainMenuState.cpp">
      <Filter>Source Files\StatesMachine\States</Filter>
    </ClCompile>
    <ClCompile Include="transMoveBy.cpp">
      <Filter>Source Files\Entity\EntityBase\AnimEngine\Transforms</Filter>
    </ClCompile>
    <ClCompile Include="Tools.cpp">
      <Filter>Source Files\Tools</Filter>
    </ClCompile>
    <ClCompile Include="MainMenu.cpp">
      <Filter>Source Files\Menu</Filter>
    </ClCompile>
    <ClCompile Include="GameLevelState.cpp">
      <Filter>Source Files\StatesMachine\States</Filter>
    </ClCompile>
    <ClCompile Include="Coffee.cpp">
      <Filter>Source Files\Entity</Filter>
    </ClCompile>
    <ClCompile Include="CoffeeSmall.cpp">
      <Filter>Source Files\Entity</Filter>
    </ClCompile>
    <ClCompile Include="CoffeeStack.cpp">
      <Filter>Source Files\Entity</Filter>
    </ClCompile>
    <ClCompile Include="CoffeeBig.cpp">
      <Filter>Source Files\Entity</Filter>
    </ClCompile>
    <ClCompile Include="HeatBar.cpp">
      <Filter>Source Files\Entity</Filter>
    </ClCompile>
    <ClCompile Include="CoffeeMachine.cpp">
      <Filter>Source Files\Entity</Filter>
    </ClCompile>
    <ClCompile Include="Bin.cpp">
      <Filter>Source Files\Entity</Filter>
    </ClCompile>
    <ClCompile Include="PauseMenu.cpp">
      <Filter>Source Files\Menu</Filter>
    </ClCompile>
    <ClCompile Include="PauseGameState.cpp">
      <Filter>Source Files\StatesMachine\States</Filter>
    </ClCompile>
    <ClCompile Include="Menu.cpp">
      <Filter>Source Files\Menu\Base</Filter>
    </ClCompile>
    <ClCompile Include="MenuPage.cpp">
      <Filter>Source Files\Menu\Base</Filter>
    </ClCompile>
    <ClCompile Include="PageEntry.cpp">
      <Filter>Source Files\Menu\Base</Filter>
    </ClCompile>
  </ItemGroup>
  <ItemGroup>
    <ClInclude Include="Game.h">
      <Filter>Header Files</Filter>
    </ClInclude>
    <ClInclude Include="State.h">
      <Filter>Header Files\StatesMachine</Filter>
    </ClInclude>
    <ClInclude Include="Console.h">
      <Filter>Header Files\Tools</Filter>
    </ClInclude>
    <ClInclude Include="ResourceManager.h">
      <Filter>Header Files\ResourcesManager</Filter>
    </ClInclude>
    <ClInclude Include="TextureResManager.h">
      <Filter>Header Files\ResourcesManager\SubManagers</Filter>
    </ClInclude>
    <ClInclude Include="FontResManager.h">
      <Filter>Header Files\ResourcesManager\SubManagers</Filter>
    </ClInclude>
    <ClInclude Include="AnimationEngine.h">
      <Filter>Header Files\Entity\EntityBase\AnimEngine</Filter>
    </ClInclude>
    <ClInclude Include="Unit.h">
      <Filter>Header Files\Entity\EntityBase</Filter>
    </ClInclude>
    <ClInclude Include="Updatable.h">
      <Filter>Header Files\Entity\EntityBase</Filter>
    </ClInclude>
    <ClInclude Include="Transform.h">
      <Filter>Header Files\Entity\EntityBase\AnimEngine</Filter>
    </ClInclude>
    <ClInclude Include="transFade.h">
      <Filter>Header Files\Entity\EntityBase\AnimEngine\Transforms</Filter>
    </ClInclude>
    <ClInclude Include="Transforms.h">
      <Filter>Header Files\Entity\EntityBase\AnimEngine\Transforms</Filter>
    </ClInclude>
    <ClInclude Include="transMove.h">
      <Filter>Header Files\Entity\EntityBase\AnimEngine\Transforms</Filter>
    </ClInclude>
    <ClInclude Include="Cinamon.h">
      <Filter>Header Files\Entity</Filter>
    </ClInclude>
    <ClInclude Include="transRotate.h">
      <Filter>Header Files\Entity\EntityBase\AnimEngine\Transforms</Filter>
    </ClInclude>
    <ClInclude Include="transGoto.h">
      <Filter>Header Files\Entity\EntityBase\AnimEngine\Transforms</Filter>
    </ClInclude>
    <ClInclude Include="transLabel.h">
      <Filter>Header Files\Entity\EntityBase\AnimEngine\Transforms</Filter>
    </ClInclude>
    <ClInclude Include="UpdatableUnit.h">
      <Filter>Header Files\Entity\EntityBase</Filter>
    </ClInclude>
    <ClInclude Include="Animation.h">
      <Filter>Header Files\Entity\EntityBase</Filter>
    </ClInclude>
    <ClInclude Include="transWait.h">
      <Filter>Header Files\Entity\EntityBase\AnimEngine\Transforms</Filter>
    </ClInclude>
    <ClInclude Include="Drawable.h">
      <Filter>Header Files\Entity\EntityBase</Filter>
    </ClInclude>
    <ClInclude Include="AnimationFactory.h">
      <Filter>Header Files\Entity\EntityBase\AnimEngine</Filter>
    </ClInclude>
    <ClInclude Include="transScale.h">
      <Filter>Header Files\Entity\EntityBase\AnimEngine\Transforms</Filter>
    </ClInclude>
    <ClInclude Include="SimpleAnimation.h">
      <Filter>Header Files\Entity\EntityBase</Filter>
    </ClInclude>
    <ClInclude Include="Eventable.h">
      <Filter>Header Files\Entity\EntityBase</Filter>
    </ClInclude>
    <ClInclude Include="StateMachine.h">
      <Filter>Header Files\StatesMachine</Filter>
    </ClInclude>
    <ClInclude Include="IntroState.h">
      <Filter>Header Files\StatesMachine\States</Filter>
    </ClInclude>
    <ClInclude Include="MainMenuState.h">
      <Filter>Header Files\StatesMachine\States</Filter>
    </ClInclude>
    <ClInclude Include="transMoveBy.h">
      <Filter>Header Files\Entity\EntityBase\AnimEngine\Transforms</Filter>
    </ClInclude>
    <ClInclude Include="Tools.h">
      <Filter>Header Files\Tools</Filter>
    </ClInclude>
    <ClInclude Include="MainMenu.h">
      <Filter>Header Files\Menu</Filter>
    </ClInclude>
    <ClInclude Include="GameLevelState.h">
      <Filter>Header Files\StatesMachine\States</Filter>
    </ClInclude>
    <ClInclude Include="Coffee.h">
      <Filter>Header Files\Entity</Filter>
    </ClInclude>
    <ClInclude Include="CoffeeSmall.h">
      <Filter>Header Files\Entity</Filter>
    </ClInclude>
    <ClInclude Include="CoffeeBig.h">
      <Filter>Header Files\Entity</Filter>
    </ClInclude>
    <ClInclude Include="CoffeeStack.h">
      <Filter>Header Files\Entity</Filter>
    </ClInclude>
    <ClInclude Include="HeatBar.h">
      <Filter>Header Files\Entity</Filter>
    </ClInclude>
    <ClInclude Include="Bin.h">
      <Filter>Header Files\Entity</Filter>
    </ClInclude>
    <ClInclude Include="CoffeeMachine.h">
      <Filter>Header Files\Entity</Filter>
    </ClInclude>
    <ClInclude Include="PauseMenu.h">
      <Filter>Header Files\Menu</Filter>
    </ClInclude>
    <ClInclude Include="PauseGameState.h">
      <Filter>Header Files\StatesMachine\States</Filter>
    </ClInclude>
    <ClInclude Include="Menu.h">
      <Filter>Header Files\Menu\Base</Filter>
    </ClInclude>
    <ClInclude Include="MenuPage.h">
      <Filter>Header Files\Menu\Base</Filter>
    </ClInclude>
    <ClInclude Include="PageEntry.h">
      <Filter>Header Files\Menu\Base</Filter>
    </ClInclude>
  </ItemGroup>
</Project>